
Microsoft Visual Studio Solution File, Format Version 12.00
# Visual Studio Version 16
VisualStudioVersion = 16.0.31829.152
MinimumVisualStudioVersion = 10.0.40219.1
Project("{2150E333-8FDC-42A3-9474-1A3956D46DE8}") = "src", "src", "{04E3788F-F042-4496-9869-2F11476DCAA7}"
EndProject
Project("{9A19103F-16F7-4668-BE54-9A1E7A4F7556}") = "IdentityApp", "src\IdentityApp\IdentityApp.csproj", "{DA355641-586A-42C6-B056-86ADBEB9287E}"
EndProject
Global
	GlobalSection(SolutionConfigurationPlatforms) = preSolution
		Debug|Any CPU = Debug|Any CPU
		Release|Any CPU = Release|Any CPU
	EndGlobalSection
	GlobalSection(ProjectConfigurationPlatforms) = postSolution
		{DA355641-586A-42C6-B056-86ADBEB9287E}.Debug|Any CPU.ActiveCfg = Debug|Any CPU
		{DA355641-586A-42C6-B056-86ADBEB9287E}.Debug|Any CPU.Build.0 = Debug|Any CPU
		{DA355641-586A-42C6-B056-86ADBEB9287E}.Release|Any CPU.ActiveCfg = Release|Any CPU
		{DA355641-586A-42C6-B056-86ADBEB9287E}.Release|Any CPU.Build.0 = Release|Any CPU
	EndGlobalSection
	GlobalSection(SolutionProperties) = preSolution
		HideSolutionNode = FALSE
	EndGlobalSection
	GlobalSection(NestedProjects) = preSolution
		{DA355641-586A-42C6-B056-86ADBEB9287E} = {04E3788F-F042-4496-9869-2F11476DCAA7}
	EndGlobalSection
	GlobalSection(ExtensibilityGlobals) = postSolution
		SolutionGuid = {7EF4C0ED-7577-45B6-9F62-62FB4141BE00}
	EndGlobalSection
EndGlobal
